
Microsoft Visual Studio Solution File, Format Version 12.00
# Visual Studio Version 17
VisualStudioVersion = 17.10.34928.147
MinimumVisualStudioVersion = 10.0.40219.1
Project("{FAE04EC0-301F-11D3-BF4B-00C04F79EFBC}") = "SegundaEntrega", "SegundaEntrega.csproj", "{1E16C37A-AEEE-43C0-AA06-8D7FF0395274}"
EndProject
Global
	GlobalSection(SolutionConfigurationPlatforms) = preSolution
		Debug|Any CPU = Debug|Any CPU
		Release|Any CPU = Release|Any CPU
	EndGlobalSection
	GlobalSection(ProjectConfigurationPlatforms) = postSolution
		{1E16C37A-AEEE-43C0-AA06-8D7FF0395274}.Debug|Any CPU.ActiveCfg = Debug|Any CPU
		{1E16C37A-AEEE-43C0-AA06-8D7FF0395274}.Debug|Any CPU.Build.0 = Debug|Any CPU
		{1E16C37A-AEEE-43C0-AA06-8D7FF0395274}.Release|Any CPU.ActiveCfg = Release|Any CPU
		{1E16C37A-AEEE-43C0-AA06-8D7FF0395274}.Release|Any CPU.Build.0 = Release|Any CPU
	EndGlobalSection
	GlobalSection(SolutionProperties) = preSolution
		HideSolutionNode = FALSE
	EndGlobalSection
	GlobalSection(ExtensibilityGlobals) = postSolution
		SolutionGuid = {226F3A23-EF06-4EC6-9710-2D63F453DA6D}
	EndGlobalSection
EndGlobal
